// !$*UTF8*$!
{
	archiveVersion = 1;
	classes = {
	};
	objectVersion = 48;
	objects = {

/* Begin PBXBuildFile section */
		AB892D6D1FAE451800D65917 /* PitchDetectionAlgorithm.swift in Sources */ = {isa = PBXBuildFile; fileRef = AB892D6C1FAE451800D65917 /* PitchDetectionAlgorithm.swift */; };
		AB8E5FC61FABE128002FDEBB /* AppDelegate.swift in Sources */ = {isa = PBXBuildFile; fileRef = AB8E5FC51FABE128002FDEBB /* AppDelegate.swift */; };
		AB8E5FC81FABE128002FDEBB /* ViewController.swift in Sources */ = {isa = PBXBuildFile; fileRef = AB8E5FC71FABE128002FDEBB /* ViewController.swift */; };
		AB8E5FCB1FABE128002FDEBB /* Main.storyboard in Resources */ = {isa = PBXBuildFile; fileRef = AB8E5FC91FABE128002FDEBB /* Main.storyboard */; };
		AB8E5FCD1FABE128002FDEBB /* Assets.xcassets in Resources */ = {isa = PBXBuildFile; fileRef = AB8E5FCC1FABE128002FDEBB /* Assets.xcassets */; };
		AB8E5FD01FABE128002FDEBB /* LaunchScreen.storyboard in Resources */ = {isa = PBXBuildFile; fileRef = AB8E5FCE1FABE128002FDEBB /* LaunchScreen.storyboard */; };
		F933D41C11D8F964EEBDCADF /* Pods_iPhone_Stroboscopy.framework in Frameworks */ = {isa = PBXBuildFile; fileRef = EB910EB5D18EB7EC7C0CD262 /* Pods_iPhone_Stroboscopy.framework */; };
/* End PBXBuildFile section */

/* Begin PBXFileReference section */
		754F088077EB68E417D58BB1 /* Pods-iPhone Stroboscopy.debug.xcconfig */ = {isa = PBXFileReference; includeInIndex = 1; lastKnownFileType = text.xcconfig; name = "Pods-iPhone Stroboscopy.debug.xcconfig"; path = "Pods/Target Support Files/Pods-iPhone Stroboscopy/Pods-iPhone Stroboscopy.debug.xcconfig"; sourceTree = "<group>"; };
		AB892D6C1FAE451800D65917 /* PitchDetectionAlgorithm.swift */ = {isa = PBXFileReference; lastKnownFileType = sourcecode.swift; path = PitchDetectionAlgorithm.swift; sourceTree = "<group>"; };
		AB8E5FC21FABE128002FDEBB /* iPhone Stroboscopy.app */ = {isa = PBXFileReference; explicitFileType = wrapper.application; includeInIndex = 0; path = "iPhone Stroboscopy.app"; sourceTree = BUILT_PRODUCTS_DIR; };
		AB8E5FC51FABE128002FDEBB /* AppDelegate.swift */ = {isa = PBXFileReference; lastKnownFileType = sourcecode.swift; path = AppDelegate.swift; sourceTree = "<group>"; };
		AB8E5FC71FABE128002FDEBB /* ViewController.swift */ = {isa = PBXFileReference; lastKnownFileType = sourcecode.swift; path = ViewController.swift; sourceTree = "<group>"; };
		AB8E5FCA1FABE128002FDEBB /* Base */ = {isa = PBXFileReference; lastKnownFileType = file.storyboard; name = Base; path = Base.lproj/Main.storyboard; sourceTree = "<group>"; };
		AB8E5FCC1FABE128002FDEBB /* Assets.xcassets */ = {isa = PBXFileReference; lastKnownFileType = folder.assetcatalog; path = Assets.xcassets; sourceTree = "<group>"; };
		AB8E5FCF1FABE128002FDEBB /* Base */ = {isa = PBXFileReference; lastKnownFileType = file.storyboard; name = Base; path = Base.lproj/LaunchScreen.storyboard; sourceTree = "<group>"; };
		AB8E5FD11FABE128002FDEBB /* Info.plist */ = {isa = PBXFileReference; lastKnownFileType = text.plist.xml; path = Info.plist; sourceTree = "<group>"; };
		EB910EB5D18EB7EC7C0CD262 /* Pods_iPhone_Stroboscopy.framework */ = {isa = PBXFileReference; explicitFileType = wrapper.framework; includeInIndex = 0; path = Pods_iPhone_Stroboscopy.framework; sourceTree = BUILT_PRODUCTS_DIR; };
		F8FC92C8D7EFBA007A002C54 /* Pods-iPhone Stroboscopy.release.xcconfig */ = {isa = PBXFileReference; includeInIndex = 1; lastKnownFileType = text.xcconfig; name = "Pods-iPhone Stroboscopy.release.xcconfig"; path = "Pods/Target Support Files/Pods-iPhone Stroboscopy/Pods-iPhone Stroboscopy.release.xcconfig"; sourceTree = "<group>"; };
/* End PBXFileReference section */

/* Begin PBXFrameworksBuildPhase section */
		AB8E5FBF1FABE128002FDEBB /* Frameworks */ = {
			isa = PBXFrameworksBuildPhase;
			buildActionMask = 2147483647;
			files = (
				F933D41C11D8F964EEBDCADF /* Pods_iPhone_Stroboscopy.framework in Frameworks */,
			);
			runOnlyForDeploymentPostprocessing = 0;
		};
/* End PBXFrameworksBuildPhase section */

/* Begin PBXGroup section */
		2F59FAF6DC66B67E6098CA80 /* Pods */ = {
			isa = PBXGroup;
			children = (
				754F088077EB68E417D58BB1 /* Pods-iPhone Stroboscopy.debug.xcconfig */,
				F8FC92C8D7EFBA007A002C54 /* Pods-iPhone Stroboscopy.release.xcconfig */,
			);
			name = Pods;
			sourceTree = "<group>";
		};
		AB072AAC1FAE8B6A00C5DA93 /* Controllers */ = {
			isa = PBXGroup;
			children = (
				AB8E5FC71FABE128002FDEBB /* ViewController.swift */,
			);
			path = Controllers;
			sourceTree = "<group>";
		};
		AB683CB61FAE8C6A00FF5A30 /* Models */ = {
			isa = PBXGroup;
			children = (
				AB892D6C1FAE451800D65917 /* PitchDetectionAlgorithm.swift */,
			);
			path = Models;
			sourceTree = "<group>";
		};
		AB8E5FB91FABE128002FDEBB = {
			isa = PBXGroup;
			children = (
				AB8E5FC41FABE128002FDEBB /* iPhone Stroboscopy */,
				AB8E5FC31FABE128002FDEBB /* Products */,
				2F59FAF6DC66B67E6098CA80 /* Pods */,
				E048948A06469805BDDA52E6 /* Frameworks */,
			);
			sourceTree = "<group>";
		};
		AB8E5FC31FABE128002FDEBB /* Products */ = {
			isa = PBXGroup;
			children = (
				AB8E5FC21FABE128002FDEBB /* iPhone Stroboscopy.app */,
			);
			name = Products;
			sourceTree = "<group>";
		};
		AB8E5FC41FABE128002FDEBB /* iPhone Stroboscopy */ = {
			isa = PBXGroup;
			children = (
				AB683CB61FAE8C6A00FF5A30 /* Models */,
				AB072AAC1FAE8B6A00C5DA93 /* Controllers */,
				AB8E5FC51FABE128002FDEBB /* AppDelegate.swift */,
				AB8E5FC91FABE128002FDEBB /* Main.storyboard */,
				AB8E5FCC1FABE128002FDEBB /* Assets.xcassets */,
				AB8E5FCE1FABE128002FDEBB /* LaunchScreen.storyboard */,
				AB8E5FD11FABE128002FDEBB /* Info.plist */,
			);
			path = "iPhone Stroboscopy";
			sourceTree = "<group>";
		};
		E048948A06469805BDDA52E6 /* Frameworks */ = {
			isa = PBXGroup;
			children = (
				EB910EB5D18EB7EC7C0CD262 /* Pods_iPhone_Stroboscopy.framework */,
			);
			name = Frameworks;
			sourceTree = "<group>";
		};
/* End PBXGroup section */

/* Begin PBXNativeTarget section */
		AB8E5FC11FABE128002FDEBB /* iPhone Stroboscopy */ = {
			isa = PBXNativeTarget;
			buildConfigurationList = AB8E5FD41FABE128002FDEBB /* Build configuration list for PBXNativeTarget "iPhone Stroboscopy" */;
			buildPhases = (
				D7E1F0CA1105601506E8AC23 /* [CP] Check Pods Manifest.lock */,
				AB8E5FBE1FABE128002FDEBB /* Sources */,
				AB8E5FBF1FABE128002FDEBB /* Frameworks */,
				AB8E5FC01FABE128002FDEBB /* Resources */,
				4C2B9D1156280FBFE489FDC6 /* [CP] Embed Pods Frameworks */,
				E12BB8CB3F26A3F87D5E41B3 /* [CP] Copy Pods Resources */,
			);
			buildRules = (
			);
			dependencies = (
			);
			name = "iPhone Stroboscopy";
			productName = "iPhone Stroboscopy";
			productReference = AB8E5FC21FABE128002FDEBB /* iPhone Stroboscopy.app */;
			productType = "com.apple.product-type.application";
		};
/* End PBXNativeTarget section */

/* Begin PBXProject section */
		AB8E5FBA1FABE128002FDEBB /* Project object */ = {
			isa = PBXProject;
			attributes = {
				LastSwiftUpdateCheck = 0900;
				LastUpgradeCheck = 0900;
				ORGANIZATIONNAME = "Christopher Badger";
				TargetAttributes = {
					AB8E5FC11FABE128002FDEBB = {
						CreatedOnToolsVersion = 9.0.1;
						ProvisioningStyle = Automatic;
					};
				};
			};
			buildConfigurationList = AB8E5FBD1FABE128002FDEBB /* Build configuration list for PBXProject "iPhone Stroboscopy" */;
			compatibilityVersion = "Xcode 8.0";
			developmentRegion = en;
			hasScannedForEncodings = 0;
			knownRegions = (
				en,
				Base,
			);
			mainGroup = AB8E5FB91FABE128002FDEBB;
			productRefGroup = AB8E5FC31FABE128002FDEBB /* Products */;
			projectDirPath = "";
			projectRoot = "";
			targets = (
				AB8E5FC11FABE128002FDEBB /* iPhone Stroboscopy */,
			);
		};
/* End PBXProject section */

/* Begin PBXResourcesBuildPhase section */
		AB8E5FC01FABE128002FDEBB /* Resources */ = {
			isa = PBXResourcesBuildPhase;
			buildActionMask = 2147483647;
			files = (
				AB8E5FD01FABE128002FDEBB /* LaunchScreen.storyboard in Resources */,
				AB8E5FCD1FABE128002FDEBB /* Assets.xcassets in Resources */,
				AB8E5FCB1FABE128002FDEBB /* Main.storyboard in Resources */,
			);
			runOnlyForDeploymentPostprocessing = 0;
		};
/* End PBXResourcesBuildPhase section */

/* Begin PBXShellScriptBuildPhase section */
		4C2B9D1156280FBFE489FDC6 /* [CP] Embed Pods Frameworks */ = {
			isa = PBXShellScriptBuildPhase;
			buildActionMask = 2147483647;
			files = (
			);
			inputPaths = (
				"${SRCROOT}/Pods/Target Support Files/Pods-iPhone Stroboscopy/Pods-iPhone Stroboscopy-frameworks.sh",
				"${BUILT_PRODUCTS_DIR}/Beethoven/Beethoven.framework",
				"${BUILT_PRODUCTS_DIR}/Pitchy/Pitchy.framework",
			);
			name = "[CP] Embed Pods Frameworks";
			outputPaths = (
				"${TARGET_BUILD_DIR}/${FRAMEWORKS_FOLDER_PATH}/Beethoven.framework",
				"${TARGET_BUILD_DIR}/${FRAMEWORKS_FOLDER_PATH}/Pitchy.framework",
			);
			runOnlyForDeploymentPostprocessing = 0;
			shellPath = /bin/sh;
			shellScript = "\"${SRCROOT}/Pods/Target Support Files/Pods-iPhone Stroboscopy/Pods-iPhone Stroboscopy-frameworks.sh\"\n";
			showEnvVarsInLog = 0;
		};
		D7E1F0CA1105601506E8AC23 /* [CP] Check Pods Manifest.lock */ = {
			isa = PBXShellScriptBuildPhase;
			buildActionMask = 2147483647;
			files = (
			);
			inputPaths = (
				"${PODS_PODFILE_DIR_PATH}/Podfile.lock",
				"${PODS_ROOT}/Manifest.lock",
			);
			name = "[CP] Check Pods Manifest.lock";
			outputPaths = (
				"$(DERIVED_FILE_DIR)/Pods-iPhone Stroboscopy-checkManifestLockResult.txt",
			);
			runOnlyForDeploymentPostprocessing = 0;
			shellPath = /bin/sh;
			shellScript = "diff \"${PODS_PODFILE_DIR_PATH}/Podfile.lock\" \"${PODS_ROOT}/Manifest.lock\" > /dev/null\nif [ $? != 0 ] ; then\n    # print error to STDERR\n    echo \"error: The sandbox is not in sync with the Podfile.lock. Run 'pod install' or update your CocoaPods installation.\" >&2\n    exit 1\nfi\n# This output is used by Xcode 'outputs' to avoid re-running this script phase.\necho \"SUCCESS\" > \"${SCRIPT_OUTPUT_FILE_0}\"\n";
			showEnvVarsInLog = 0;
		};
		E12BB8CB3F26A3F87D5E41B3 /* [CP] Copy Pods Resources */ = {
			isa = PBXShellScriptBuildPhase;
			buildActionMask = 2147483647;
			files = (
			);
			inputPaths = (
			);
			name = "[CP] Copy Pods Resources";
			outputPaths = (
			);
			runOnlyForDeploymentPostprocessing = 0;
			shellPath = /bin/sh;
			shellScript = "\"${SRCROOT}/Pods/Target Support Files/Pods-iPhone Stroboscopy/Pods-iPhone Stroboscopy-resources.sh\"\n";
			showEnvVarsInLog = 0;
		};
/* End PBXShellScriptBuildPhase section */

/* Begin PBXSourcesBuildPhase section */
		AB8E5FBE1FABE128002FDEBB /* Sources */ = {
			isa = PBXSourcesBuildPhase;
			buildActionMask = 2147483647;
			files = (
				AB8E5FC81FABE128002FDEBB /* ViewController.swift in Sources */,
				AB892D6D1FAE451800D65917 /* PitchDetectionAlgorithm.swift in Sources */,
				AB8E5FC61FABE128002FDEBB /* AppDelegate.swift in Sources */,
			);
			runOnlyForDeploymentPostprocessing = 0;
		};
/* End PBXSourcesBuildPhase section */

/* Begin PBXVariantGroup section */
		AB8E5FC91FABE128002FDEBB /* Main.storyboard */ = {
			isa = PBXVariantGroup;
			children = (
				AB8E5FCA1FABE128002FDEBB /* Base */,
			);
			name = Main.storyboard;
			sourceTree = "<group>";
		};
		AB8E5FCE1FABE128002FDEBB /* LaunchScreen.storyboard */ = {
			isa = PBXVariantGroup;
			children = (
				AB8E5FCF1FABE128002FDEBB /* Base */,
			);
			name = LaunchScreen.storyboard;
			sourceTree = "<group>";
		};
/* End PBXVariantGroup section */

/* Begin XCBuildConfiguration section */
		AB8E5FD21FABE128002FDEBB /* Debug */ = {
			isa = XCBuildConfiguration;
			buildSettings = {
				ALWAYS_SEARCH_USER_PATHS = NO;
				CLANG_ANALYZER_NONNULL = YES;
				CLANG_ANALYZER_NUMBER_OBJECT_CONVERSION = YES_AGGRESSIVE;
				CLANG_CXX_LANGUAGE_STANDARD = "gnu++14";
				CLANG_CXX_LIBRARY = "libc++";
				CLANG_ENABLE_MODULES = YES;
				CLANG_ENABLE_OBJC_ARC = YES;
				CLANG_WARN_BLOCK_CAPTURE_AUTORELEASING = YES;
				CLANG_WARN_BOOL_CONVERSION = YES;
				CLANG_WARN_COMMA = YES;
				CLANG_WARN_CONSTANT_CONVERSION = YES;
				CLANG_WARN_DIRECT_OBJC_ISA_USAGE = YES_ERROR;
				CLANG_WARN_DOCUMENTATION_COMMENTS = YES;
				CLANG_WARN_EMPTY_BODY = YES;
				CLANG_WARN_ENUM_CONVERSION = YES;
				CLANG_WARN_INFINITE_RECURSION = YES;
				CLANG_WARN_INT_CONVERSION = YES;
				CLANG_WARN_NON_LITERAL_NULL_CONVERSION = YES;
				CLANG_WARN_OBJC_LITERAL_CONVERSION = YES;
				CLANG_WARN_OBJC_ROOT_CLASS = YES_ERROR;
				CLANG_WARN_RANGE_LOOP_ANALYSIS = YES;
				CLANG_WARN_STRICT_PROTOTYPES = YES;
				CLANG_WARN_SUSPICIOUS_MOVE = YES;
				CLANG_WARN_UNGUARDED_AVAILABILITY = YES_AGGRESSIVE;
				CLANG_WARN_UNREACHABLE_CODE = YES;
				CLANG_WARN__DUPLICATE_METHOD_MATCH = YES;
				CODE_SIGN_IDENTITY = "iPhone Developer";
				COPY_PHASE_STRIP = NO;
				DEBUG_INFORMATION_FORMAT = dwarf;
				ENABLE_STRICT_OBJC_MSGSEND = YES;
				ENABLE_TESTABILITY = YES;
				GCC_C_LANGUAGE_STANDARD = gnu11;
				GCC_DYNAMIC_NO_PIC = NO;
				GCC_NO_COMMON_BLOCKS = YES;
				GCC_OPTIMIZATION_LEVEL = 0;
				GCC_PREPROCESSOR_DEFINITIONS = (
					"DEBUG=1",
					"$(inherited)",
				);
				GCC_WARN_64_TO_32_BIT_CONVERSION = YES;
				GCC_WARN_ABOUT_RETURN_TYPE = YES_ERROR;
				GCC_WARN_UNDECLARED_SELECTOR = YES;
				GCC_WARN_UNINITIALIZED_AUTOS = YES_AGGRESSIVE;
				GCC_WARN_UNUSED_FUNCTION = YES;
				GCC_WARN_UNUSED_VARIABLE = YES;
				IPHONEOS_DEPLOYMENT_TARGET = 11.0;
				MTL_ENABLE_DEBUG_INFO = YES;
				ONLY_ACTIVE_ARCH = YES;
				SDKROOT = iphoneos;
				SWIFT_ACTIVE_COMPILATION_CONDITIONS = DEBUG;
				SWIFT_OPTIMIZATION_LEVEL = "-Onone";
			};
			name = Debug;
		};
		AB8E5FD31FABE128002FDEBB /* Release */ = {
			isa = XCBuildConfiguration;
			buildSettings = {
				ALWAYS_SEARCH_USER_PATHS = NO;
				CLANG_ANALYZER_NONNULL = YES;
				CLANG_ANALYZER_NUMBER_OBJECT_CONVERSION = YES_AGGRESSIVE;
				CLANG_CXX_LANGUAGE_STANDARD = "gnu++14";
				CLANG_CXX_LIBRARY = "libc++";
				CLANG_ENABLE_MODULES = YES;
				CLANG_ENABLE_OBJC_ARC = YES;
				CLANG_WARN_BLOCK_CAPTURE_AUTORELEASING = YES;
				CLANG_WARN_BOOL_CONVERSION = YES;
				CLANG_WARN_COMMA = YES;
				CLANG_WARN_CONSTANT_CONVERSION = YES;
				CLANG_WARN_DIRECT_OBJC_ISA_USAGE = YES_ERROR;
				CLANG_WARN_DOCUMENTATION_COMMENTS = YES;
				CLANG_WARN_EMPTY_BODY = YES;
				CLANG_WARN_ENUM_CONVERSION = YES;
				CLANG_WARN_INFINITE_RECURSION = YES;
				CLANG_WARN_INT_CONVERSION = YES;
				CLANG_WARN_NON_LITERAL_NULL_CONVERSION = YES;
				CLANG_WARN_OBJC_LITERAL_CONVERSION = YES;
				CLANG_WARN_OBJC_ROOT_CLASS = YES_ERROR;
				CLANG_WARN_RANGE_LOOP_ANALYSIS = YES;
				CLANG_WARN_STRICT_PROTOTYPES = YES;
				CLANG_WARN_SUSPICIOUS_MOVE = YES;
				CLANG_WARN_UNGUARDED_AVAILABILITY = YES_AGGRESSIVE;
				CLANG_WARN_UNREACHABLE_CODE = YES;
				CLANG_WARN__DUPLICATE_METHOD_MATCH = YES;
				CODE_SIGN_IDENTITY = "iPhone Developer";
				COPY_PHASE_STRIP = NO;
				DEBUG_INFORMATION_FORMAT = "dwarf-with-dsym";
				ENABLE_NS_ASSERTIONS = NO;
				ENABLE_STRICT_OBJC_MSGSEND = YES;
				GCC_C_LANGUAGE_STANDARD = gnu11;
				GCC_NO_COMMON_BLOCKS = YES;
				GCC_WARN_64_TO_32_BIT_CONVERSION = YES;
				GCC_WARN_ABOUT_RETURN_TYPE = YES_ERROR;
				GCC_WARN_UNDECLARED_SELECTOR = YES;
				GCC_WARN_UNINITIALIZED_AUTOS = YES_AGGRESSIVE;
				GCC_WARN_UNUSED_FUNCTION = YES;
				GCC_WARN_UNUSED_VARIABLE = YES;
				IPHONEOS_DEPLOYMENT_TARGET = 11.0;
				MTL_ENABLE_DEBUG_INFO = NO;
				SDKROOT = iphoneos;
				SWIFT_OPTIMIZATION_LEVEL = "-Owholemodule";
				VALIDATE_PRODUCT = YES;
			};
			name = Release;
		};
		AB8E5FD51FABE128002FDEBB /* Debug */ = {
			isa = XCBuildConfiguration;
			baseConfigurationReference = 754F088077EB68E417D58BB1 /* Pods-iPhone Stroboscopy.debug.xcconfig */;
			buildSettings = {
				ASSETCATALOG_COMPILER_APPICON_NAME = AppIcon;
				CODE_SIGN_STYLE = Automatic;
				DEVELOPMENT_TEAM = J35CE36V96;
				INFOPLIST_FILE = "iPhone Stroboscopy/Info.plist";
				LD_RUNPATH_SEARCH_PATHS = "$(inherited) @executable_path/Frameworks";
				PRODUCT_BUNDLE_IDENTIFIER = "com.example.badger1101.iPhone-Stroboscopy";
				PRODUCT_NAME = "$(TARGET_NAME)";
				SWIFT_VERSION = 4.0;
				TARGETED_DEVICE_FAMILY = "1,2";
			};
			name = Debug;
		};
		AB8E5FD61FABE128002FDEBB /* Release */ = {
			isa = XCBuildConfiguration;
			baseConfigurationReference = F8FC92C8D7EFBA007A002C54 /* Pods-iPhone Stroboscopy.release.xcconfig */;
			buildSettings = {
				ASSETCATALOG_COMPILER_APPICON_NAME = AppIcon;
				CODE_SIGN_STYLE = Automatic;
				DEVELOPMENT_TEAM = J35CE36V96;
				INFOPLIST_FILE = "iPhone Stroboscopy/Info.plist";
				LD_RUNPATH_SEARCH_PATHS = "$(inherited) @executable_path/Frameworks";
				PRODUCT_BUNDLE_IDENTIFIER = "com.example.badger1101.iPhone-Stroboscopy";
				PRODUCT_NAME = "$(TARGET_NAME)";
				SWIFT_VERSION = 4.0;
				TARGETED_DEVICE_FAMILY = "1,2";
			};
			name = Release;
		};
/* End XCBuildConfiguration section */

/* Begin XCConfigurationList section */
		AB8E5FBD1FABE128002FDEBB /* Build configuration list for PBXProject "iPhone Stroboscopy" */ = {
			isa = XCConfigurationList;
			buildConfigurations = (
				AB8E5FD21FABE128002FDEBB /* Debug */,
				AB8E5FD31FABE128002FDEBB /* Release */,
			);
			defaultConfigurationIsVisible = 0;
			defaultConfigurationName = Release;
		};
		AB8E5FD41FABE128002FDEBB /* Build configuration list for PBXNativeTarget "iPhone Stroboscopy" */ = {
			isa = XCConfigurationList;
			buildConfigurations = (
				AB8E5FD51FABE128002FDEBB /* Debug */,
				AB8E5FD61FABE128002FDEBB /* Release */,
			);
			defaultConfigurationIsVisible = 0;
			defaultConfigurationName = Release;
		};
/* End XCConfigurationList section */
	};
	rootObject = AB8E5FBA1FABE128002FDEBB /* Project object */;
}
